
Microsoft Visual Studio Solution File, Format Version 12.00
# Visual Studio Version 16
VisualStudioVersion = 16.0.29911.84
MinimumVisualStudioVersion = 10.0.40219.1
Project("{FAE04EC0-301F-11D3-BF4B-00C04F79EFBC}") = "AlarmClock", "AlarmClock\AlarmClock.csproj", "{EAE9CB4A-9430-4A9A-935F-5579165D364C}"
EndProject
Global
	GlobalSection(SolutionConfigurationPlatforms) = preSolution
		Debug|Any CPU = Debug|Any CPU
		Release|Any CPU = Release|Any CPU
	EndGlobalSection
	GlobalSection(ProjectConfigurationPlatforms) = postSolution
		{EAE9CB4A-9430-4A9A-935F-5579165D364C}.Debug|Any CPU.ActiveCfg = Debug|Any CPU
		{EAE9CB4A-9430-4A9A-935F-5579165D364C}.Debug|Any CPU.Build.0 = Debug|Any CPU
		{EAE9CB4A-9430-4A9A-935F-5579165D364C}.Release|Any CPU.ActiveCfg = Release|Any CPU
		{EAE9CB4A-9430-4A9A-935F-5579165D364C}.Release|Any CPU.Build.0 = Release|Any CPU
	EndGlobalSection
	GlobalSection(SolutionProperties) = preSolution
		HideSolutionNode = FALSE
	EndGlobalSection
	GlobalSection(ExtensibilityGlobals) = postSolution
		SolutionGuid = {425BB6B2-0917-488D-9364-CCBE643BEB0A}
	EndGlobalSection
EndGlobal
